// !$*UTF8*$!
{
	archiveVersion = 1;
	classes = {
	};
	objectVersion = 46;
	objects = {

/* Begin PBXBuildFile section */
		64E1972B1DE0C7A300E20572 /* main.m in Sources */ = {isa = PBXBuildFile; fileRef = 64E1972A1DE0C7A300E20572 /* main.m */; };
		64E1972E1DE0C7A300E20572 /* AppDelegate.m in Sources */ = {isa = PBXBuildFile; fileRef = 64E1972D1DE0C7A300E20572 /* AppDelegate.m */; };
		64E197311DE0C7A300E20572 /* ViewController.m in Sources */ = {isa = PBXBuildFile; fileRef = 64E197301DE0C7A300E20572 /* ViewController.m */; };
		64E197341DE0C7A300E20572 /* Main.storyboard in Resources */ = {isa = PBXBuildFile; fileRef = 64E197321DE0C7A300E20572 /* Main.storyboard */; };
		64E197361DE0C7A300E20572 /* Assets.xcassets in Resources */ = {isa = PBXBuildFile; fileRef = 64E197351DE0C7A300E20572 /* Assets.xcassets */; };
		64E197391DE0C7A300E20572 /* LaunchScreen.storyboard in Resources */ = {isa = PBXBuildFile; fileRef = 64E197371DE0C7A300E20572 /* LaunchScreen.storyboard */; };
		64E197461DE1052B00E20572 /* GlueMotorCore.m in Sources */ = {isa = PBXBuildFile; fileRef = 64E197451DE1052B00E20572 /* GlueMotorCore.m */; };
/* End PBXBuildFile section */

/* Begin PBXFileReference section */
		64E197261DE0C7A300E20572 /* GlueMotorSample.app */ = {isa = PBXFileReference; explicitFileType = wrapper.application; includeInIndex = 0; path = GlueMotorSample.app; sourceTree = BUILT_PRODUCTS_DIR; };
		64E1972A1DE0C7A300E20572 /* main.m */ = {isa = PBXFileReference; lastKnownFileType = sourcecode.c.objc; path = main.m; sourceTree = "<group>"; };
		64E1972C1DE0C7A300E20572 /* AppDelegate.h */ = {isa = PBXFileReference; lastKnownFileType = sourcecode.c.h; path = AppDelegate.h; sourceTree = "<group>"; };
		64E1972D1DE0C7A300E20572 /* AppDelegate.m */ = {isa = PBXFileReference; lastKnownFileType = sourcecode.c.objc; path = AppDelegate.m; sourceTree = "<group>"; };
		64E1972F1DE0C7A300E20572 /* ViewController.h */ = {isa = PBXFileReference; lastKnownFileType = sourcecode.c.h; path = ViewController.h; sourceTree = "<group>"; };
		64E197301DE0C7A300E20572 /* ViewController.m */ = {isa = PBXFileReference; lastKnownFileType = sourcecode.c.objc; path = ViewController.m; sourceTree = "<group>"; };
		64E197331DE0C7A300E20572 /* Base */ = {isa = PBXFileReference; lastKnownFileType = file.storyboard; name = Base; path = Base.lproj/Main.storyboard; sourceTree = "<group>"; };
		64E197351DE0C7A300E20572 /* Assets.xcassets */ = {isa = PBXFileReference; lastKnownFileType = folder.assetcatalog; path = Assets.xcassets; sourceTree = "<group>"; };
		64E197381DE0C7A300E20572 /* Base */ = {isa = PBXFileReference; lastKnownFileType = file.storyboard; name = Base; path = Base.lproj/LaunchScreen.storyboard; sourceTree = "<group>"; };
		64E1973A1DE0C7A300E20572 /* Info.plist */ = {isa = PBXFileReference; lastKnownFileType = text.plist.xml; path = Info.plist; sourceTree = "<group>"; };
		64E197441DE1052B00E20572 /* GlueMotorCore.h */ = {isa = PBXFileReference; fileEncoding = 4; lastKnownFileType = sourcecode.c.h; path = GlueMotorCore.h; sourceTree = "<group>"; };
		64E197451DE1052B00E20572 /* GlueMotorCore.m */ = {isa = PBXFileReference; fileEncoding = 4; lastKnownFileType = sourcecode.c.objc; path = GlueMotorCore.m; sourceTree = "<group>"; };
/* End PBXFileReference section */

/* Begin PBXFrameworksBuildPhase section */
		64E197231DE0C7A300E20572 /* Frameworks */ = {
			isa = PBXFrameworksBuildPhase;
			buildActionMask = 2147483647;
			files = (
			);
			runOnlyForDeploymentPostprocessing = 0;
		};
/* End PBXFrameworksBuildPhase section */

/* Begin PBXGroup section */
		64E1971D1DE0C7A300E20572 = {
			isa = PBXGroup;
			children = (
				64E197281DE0C7A300E20572 /* GlueMotorSample */,
				64E197271DE0C7A300E20572 /* Products */,
			);
			sourceTree = "<group>";
		};
		64E197271DE0C7A300E20572 /* Products */ = {
			isa = PBXGroup;
			children = (
				64E197261DE0C7A300E20572 /* GlueMotorSample.app */,
			);
			name = Products;
			sourceTree = "<group>";
		};
		64E197281DE0C7A300E20572 /* GlueMotorSample */ = {
			isa = PBXGroup;
			children = (
				64E197401DE0C95F00E20572 /* GlueMotorCore */,
				64E1972C1DE0C7A300E20572 /* AppDelegate.h */,
				64E1972D1DE0C7A300E20572 /* AppDelegate.m */,
				64E1972F1DE0C7A300E20572 /* ViewController.h */,
				64E197301DE0C7A300E20572 /* ViewController.m */,
				64E197321DE0C7A300E20572 /* Main.storyboard */,
				64E197351DE0C7A300E20572 /* Assets.xcassets */,
				64E197371DE0C7A300E20572 /* LaunchScreen.storyboard */,
				64E1973A1DE0C7A300E20572 /* Info.plist */,
				64E197291DE0C7A300E20572 /* Supporting Files */,
			);
			path = GlueMotorSample;
			sourceTree = "<group>";
		};
		64E197291DE0C7A300E20572 /* Supporting Files */ = {
			isa = PBXGroup;
			children = (
				64E1972A1DE0C7A300E20572 /* main.m */,
			);
			name = "Supporting Files";
			sourceTree = "<group>";
		};
		64E197401DE0C95F00E20572 /* GlueMotorCore */ = {
			isa = PBXGroup;
			children = (
				64E197441DE1052B00E20572 /* GlueMotorCore.h */,
				64E197451DE1052B00E20572 /* GlueMotorCore.m */,
			);
			name = GlueMotorCore;
			sourceTree = "<group>";
		};
/* End PBXGroup section */

/* Begin PBXNativeTarget section */
		64E197251DE0C7A300E20572 /* GlueMotorSample */ = {
			isa = PBXNativeTarget;
			buildConfigurationList = 64E1973D1DE0C7A300E20572 /* Build configuration list for PBXNativeTarget "GlueMotorSample" */;
			buildPhases = (
				64E197221DE0C7A300E20572 /* Sources */,
				64E197231DE0C7A300E20572 /* Frameworks */,
				64E197241DE0C7A300E20572 /* Resources */,
			);
			buildRules = (
			);
			dependencies = (
			);
			name = GlueMotorSample;
			productName = GlueMotorSample;
			productReference = 64E197261DE0C7A300E20572 /* GlueMotorSample.app */;
			productType = "com.apple.product-type.application";
		};
/* End PBXNativeTarget section */

/* Begin PBXProject section */
		64E1971E1DE0C7A300E20572 /* Project object */ = {
			isa = PBXProject;
			attributes = {
				LastUpgradeCheck = 0810;
				ORGANIZATIONNAME = GlueMotor;
				TargetAttributes = {
					64E197251DE0C7A300E20572 = {
						CreatedOnToolsVersion = 8.1;
						ProvisioningStyle = Automatic;
					};
				};
			};
			buildConfigurationList = 64E197211DE0C7A300E20572 /* Build configuration list for PBXProject "GlueMotorSample" */;
			compatibilityVersion = "Xcode 3.2";
			developmentRegion = English;
			hasScannedForEncodings = 0;
			knownRegions = (
				en,
				Base,
			);
			mainGroup = 64E1971D1DE0C7A300E20572;
			productRefGroup = 64E197271DE0C7A300E20572 /* Products */;
			projectDirPath = "";
			projectRoot = "";
			targets = (
				64E197251DE0C7A300E20572 /* GlueMotorSample */,
			);
		};
/* End PBXProject section */

/* Begin PBXResourcesBuildPhase section */
		64E197241DE0C7A300E20572 /* Resources */ = {
			isa = PBXResourcesBuildPhase;
			buildActionMask = 2147483647;
			files = (
				64E197391DE0C7A300E20572 /* LaunchScreen.storyboard in Resources */,
				64E197361DE0C7A300E20572 /* Assets.xcassets in Resources */,
				64E197341DE0C7A300E20572 /* Main.storyboard in Resources */,
			);
			runOnlyForDeploymentPostprocessing = 0;
		};
/* End PBXResourcesBuildPhase section */

/* Begin PBXSourcesBuildPhase section */
		64E197221DE0C7A300E20572 /* Sources */ = {
			isa = PBXSourcesBuildPhase;
			buildActionMask = 2147483647;
			files = (
				64E197311DE0C7A300E20572 /* ViewController.m in Sources */,
				64E197461DE1052B00E20572 /* GlueMotorCore.m in Sources */,
				64E1972E1DE0C7A300E20572 /* AppDelegate.m in Sources */,
				64E1972B1DE0C7A300E20572 /* main.m in Sources */,
			);
			runOnlyForDeploymentPostprocessing = 0;
		};
/* End PBXSourcesBuildPhase section */

/* Begin PBXVariantGroup section */
		64E197321DE0C7A300E20572 /* Main.storyboard */ = {
			isa = PBXVariantGroup;
			children = (
				64E197331DE0C7A300E20572 /* Base */,
			);
			name = Main.storyboard;
			sourceTree = "<group>";
		};
		64E197371DE0C7A300E20572 /* LaunchScreen.storyboard */ = {
			isa = PBXVariantGroup;
			children = (
				64E197381DE0C7A300E20572 /* Base */,
			);
			name = LaunchScreen.storyboard;
			sourceTree = "<group>";
		};
/* End PBXVariantGroup section */

/* Begin XCBuildConfiguration section */
		64E1973B1DE0C7A300E20572 /* Debug */ = {
			isa = XCBuildConfiguration;
			buildSettings = {
				ALWAYS_SEARCH_USER_PATHS = NO;
				CLANG_ANALYZER_NONNULL = YES;
				CLANG_CXX_LANGUAGE_STANDARD = "gnu++0x";
				CLANG_CXX_LIBRARY = "libc++";
				CLANG_ENABLE_MODULES = YES;
				CLANG_ENABLE_OBJC_ARC = YES;
				CLANG_WARN_BOOL_CONVERSION = YES;
				CLANG_WARN_CONSTANT_CONVERSION = YES;
				CLANG_WARN_DIRECT_OBJC_ISA_USAGE = YES_ERROR;
				CLANG_WARN_DOCUMENTATION_COMMENTS = YES;
				CLANG_WARN_EMPTY_BODY = YES;
				CLANG_WARN_ENUM_CONVERSION = YES;
				CLANG_WARN_INFINITE_RECURSION = YES;
				CLANG_WARN_INT_CONVERSION = YES;
				CLANG_WARN_OBJC_ROOT_CLASS = YES_ERROR;
				CLANG_WARN_SUSPICIOUS_MOVES = YES;
				CLANG_WARN_UNREACHABLE_CODE = YES;
				CLANG_WARN__DUPLICATE_METHOD_MATCH = YES;
				"CODE_SIGN_IDENTITY[sdk=iphoneos*]" = "iPhone Developer";
				COPY_PHASE_STRIP = NO;
				DEBUG_INFORMATION_FORMAT = dwarf;
				ENABLE_STRICT_OBJC_MSGSEND = YES;
				ENABLE_TESTABILITY = YES;
				GCC_C_LANGUAGE_STANDARD = gnu99;
				GCC_DYNAMIC_NO_PIC = NO;
				GCC_NO_COMMON_BLOCKS = YES;
				GCC_OPTIMIZATION_LEVEL = 0;
				GCC_PREPROCESSOR_DEFINITIONS = (
					"DEBUG=1",
					"$(inherited)",
				);
				GCC_WARN_64_TO_32_BIT_CONVERSION = YES;
				GCC_WARN_ABOUT_RETURN_TYPE = YES_ERROR;
				GCC_WARN_UNDECLARED_SELECTOR = YES;
				GCC_WARN_UNINITIALIZED_AUTOS = YES_AGGRESSIVE;
				GCC_WARN_UNUSED_FUNCTION = YES;
				GCC_WARN_UNUSED_VARIABLE = YES;
				IPHONEOS_DEPLOYMENT_TARGET = 10.1;
				MTL_ENABLE_DEBUG_INFO = YES;
				ONLY_ACTIVE_ARCH = YES;
				SDKROOT = iphoneos;
				TARGETED_DEVICE_FAMILY = "1,2";
			};
			name = Debug;
		};
		64E1973C1DE0C7A300E20572 /* Release */ = {
			isa = XCBuildConfiguration;
			buildSettings = {
				ALWAYS_SEARCH_USER_PATHS = NO;
				CLANG_ANALYZER_NONNULL = YES;
				CLANG_CXX_LANGUAGE_STANDARD = "gnu++0x";
				CLANG_CXX_LIBRARY = "libc++";
				CLANG_ENABLE_MODULES = YES;
				CLANG_ENABLE_OBJC_ARC = YES;
				CLANG_WARN_BOOL_CONVERSION = YES;
				CLANG_WARN_CONSTANT_CONVERSION = YES;
				CLANG_WARN_DIRECT_OBJC_ISA_USAGE = YES_ERROR;
				CLANG_WARN_DOCUMENTATION_COMMENTS = YES;
				CLANG_WARN_EMPTY_BODY = YES;
				CLANG_WARN_ENUM_CONVERSION = YES;
				CLANG_WARN_INFINITE_RECURSION = YES;
				CLANG_WARN_INT_CONVERSION = YES;
				CLANG_WARN_OBJC_ROOT_CLASS = YES_ERROR;
				CLANG_WARN_SUSPICIOUS_MOVES = YES;
				CLANG_WARN_UNREACHABLE_CODE = YES;
				CLANG_WARN__DUPLICATE_METHOD_MATCH = YES;
				"CODE_SIGN_IDENTITY[sdk=iphoneos*]" = "iPhone Developer";
				COPY_PHASE_STRIP = NO;
				DEBUG_INFORMATION_FORMAT = "dwarf-with-dsym";
				ENABLE_NS_ASSERTIONS = NO;
				ENABLE_STRICT_OBJC_MSGSEND = YES;
				GCC_C_LANGUAGE_STANDARD = gnu99;
				GCC_NO_COMMON_BLOCKS = YES;
				GCC_WARN_64_TO_32_BIT_CONVERSION = YES;
				GCC_WARN_ABOUT_RETURN_TYPE = YES_ERROR;
				GCC_WARN_UNDECLARED_SELECTOR = YES;
				GCC_WARN_UNINITIALIZED_AUTOS = YES_AGGRESSIVE;
				GCC_WARN_UNUSED_FUNCTION = YES;
				GCC_WARN_UNUSED_VARIABLE = YES;
				IPHONEOS_DEPLOYMENT_TARGET = 10.1;
				MTL_ENABLE_DEBUG_INFO = NO;
				SDKROOT = iphoneos;
				TARGETED_DEVICE_FAMILY = "1,2";
				VALIDATE_PRODUCT = YES;
			};
			name = Release;
		};
		64E1973E1DE0C7A300E20572 /* Debug */ = {
			isa = XCBuildConfiguration;
			buildSettings = {
				ASSETCATALOG_COMPILER_APPICON_NAME = AppIcon;
				DEVELOPMENT_TEAM = "";
				INFOPLIST_FILE = GlueMotorSample/Info.plist;
				IPHONEOS_DEPLOYMENT_TARGET = 8.0;
				LD_RUNPATH_SEARCH_PATHS = "$(inherited) @executable_path/Frameworks";
				PRODUCT_BUNDLE_IDENTIFIER = com.gluemotor.GlueMotorSample;
				PRODUCT_NAME = "$(TARGET_NAME)";
			};
			name = Debug;
		};
		64E1973F1DE0C7A300E20572 /* Release */ = {
			isa = XCBuildConfiguration;
			buildSettings = {
				ASSETCATALOG_COMPILER_APPICON_NAME = AppIcon;
				DEVELOPMENT_TEAM = "";
				INFOPLIST_FILE = GlueMotorSample/Info.plist;
				IPHONEOS_DEPLOYMENT_TARGET = 8.0;
				LD_RUNPATH_SEARCH_PATHS = "$(inherited) @executable_path/Frameworks";
				PRODUCT_BUNDLE_IDENTIFIER = com.gluemotor.GlueMotorSample;
				PRODUCT_NAME = "$(TARGET_NAME)";
			};
			name = Release;
		};
/* End XCBuildConfiguration section */

/* Begin XCConfigurationList section */
		64E197211DE0C7A300E20572 /* Build configuration list for PBXProject "GlueMotorSample" */ = {
			isa = XCConfigurationList;
			buildConfigurations = (
				64E1973B1DE0C7A300E20572 /* Debug */,
				64E1973C1DE0C7A300E20572 /* Release */,
			);
			defaultConfigurationIsVisible = 0;
			defaultConfigurationName = Release;
		};
		64E1973D1DE0C7A300E20572 /* Build configuration list for PBXNativeTarget "GlueMotorSample" */ = {
			isa = XCConfigurationList;
			buildConfigurations = (
				64E1973E1DE0C7A300E20572 /* Debug */,
				64E1973F1DE0C7A300E20572 /* Release */,
			);
			defaultConfigurationIsVisible = 0;
			defaultConfigurationName = Release;
		};
/* End XCConfigurationList section */
	};
	rootObject = 64E1971E1DE0C7A300E20572 /* Project object */;
}
